
Microsoft Visual Studio Solution File, Format Version 12.00
# Visual Studio Version 16
VisualStudioVersion = 16.0.30011.22
MinimumVisualStudioVersion = 10.0.40219.1
Project("{9A19103F-16F7-4668-BE54-9A1E7A4F7556}") = "WebCatalogStatic", "WebCatalogStatic.csproj", "{0741DE7C-8C47-489E-BBDD-11738E1B40EC}"
EndProject
Global
	GlobalSection(SolutionConfigurationPlatforms) = preSolution
		Debug|Any CPU = Debug|Any CPU
		Release|Any CPU = Release|Any CPU
	EndGlobalSection
	GlobalSection(ProjectConfigurationPlatforms) = postSolution
		{0741DE7C-8C47-489E-BBDD-11738E1B40EC}.Debug|Any CPU.ActiveCfg = Debug|Any CPU
		{0741DE7C-8C47-489E-BBDD-11738E1B40EC}.Debug|Any CPU.Build.0 = Debug|Any CPU
		{0741DE7C-8C47-489E-BBDD-11738E1B40EC}.Release|Any CPU.ActiveCfg = Release|Any CPU
		{0741DE7C-8C47-489E-BBDD-11738E1B40EC}.Release|Any CPU.Build.0 = Release|Any CPU
	EndGlobalSection
	GlobalSection(SolutionProperties) = preSolution
		HideSolutionNode = FALSE
	EndGlobalSection
	GlobalSection(ExtensibilityGlobals) = postSolution
		SolutionGuid = {7F96D0BB-A647-402E-8F5E-FD0735E8DBB1}
	EndGlobalSection
EndGlobal
